{
  "name": "OXYGEN_HotelMiranda",
  "lockfileVersion": 3,
  "requires": true,
  "packages": {
    "": {
      "dependencies": {
        "swiper": "^11.1.10"
      }
    },
    "node_modules/swiper": {
      "version": "11.1.10",
      "resolved": "https://registry.npmjs.org/swiper/-/swiper-11.1.10.tgz",
      "integrity": "sha512-pAVM6vCb6bumj2B9aSh67l3wP1j5YR8dPQM1YhQKMpnBc33vs+RpyVz6NZYZl/ZopCBSYbbWK5nvESwbmU0QXQ==",
      "funding": [
        {
          "type": "patreon",
          "url": "https://www.patreon.com/swiperjs"
        },
        {
          "type": "open_collective",
          "url": "http://opencollective.com/swiper"
        }
      ],
      "license": "MIT",
      "engines": {
        "node": ">= 4.7.0"
      }
    }
  }
}
